
Microsoft Visual Studio Solution File, Format Version 12.00
# Visual Studio 15
VisualStudioVersion = 15.0.28307.489
MinimumVisualStudioVersion = 10.0.40219.1
Project("{9A19103F-16F7-4668-BE54-9A1E7A4F7556}") = "BBD", "BBD.csproj", "{08FDBA9D-EA1B-404A-85EE-98C821CDF7B9}"
EndProject
Project("{FAE04EC0-301F-11D3-BF4B-00C04F79EFBC}") = "Mapper", "..\Mapper\Mapper.csproj", "{53DA760B-8542-40EF-A558-B3BD2EB534B9}"
EndProject
Global
	GlobalSection(SolutionConfigurationPlatforms) = preSolution
		Debug|Any CPU = Debug|Any CPU
		Release|Any CPU = Release|Any CPU
	EndGlobalSection
	GlobalSection(ProjectConfigurationPlatforms) = postSolution
		{08FDBA9D-EA1B-404A-85EE-98C821CDF7B9}.Debug|Any CPU.ActiveCfg = Debug|Any CPU
		{08FDBA9D-EA1B-404A-85EE-98C821CDF7B9}.Debug|Any CPU.Build.0 = Debug|Any CPU
		{08FDBA9D-EA1B-404A-85EE-98C821CDF7B9}.Release|Any CPU.ActiveCfg = Release|Any CPU
		{08FDBA9D-EA1B-404A-85EE-98C821CDF7B9}.Release|Any CPU.Build.0 = Release|Any CPU
		{53DA760B-8542-40EF-A558-B3BD2EB534B9}.Debug|Any CPU.ActiveCfg = Debug|Any CPU
		{53DA760B-8542-40EF-A558-B3BD2EB534B9}.Debug|Any CPU.Build.0 = Debug|Any CPU
		{53DA760B-8542-40EF-A558-B3BD2EB534B9}.Release|Any CPU.ActiveCfg = Release|Any CPU
		{53DA760B-8542-40EF-A558-B3BD2EB534B9}.Release|Any CPU.Build.0 = Release|Any CPU
	EndGlobalSection
	GlobalSection(SolutionProperties) = preSolution
		HideSolutionNode = FALSE
	EndGlobalSection
	GlobalSection(ExtensibilityGlobals) = postSolution
		SolutionGuid = {2C732029-346F-46F4-B8B4-28EBA9C6EFFC}
	EndGlobalSection
EndGlobal
